
Microsoft Visual Studio Solution File, Format Version 12.00
# Visual Studio Version 17
VisualStudioVersion = 17.0.31903.59
MinimumVisualStudioVersion = 10.0.40219.1
Project("{2150E333-8FDC-42A3-9474-1A3956D46DE8}") = "src", "src", "{27ACEC85-BC9E-4B01-B1D8-DDE748D6F251}"
EndProject
Project("{FAE04EC0-301F-11D3-BF4B-00C04F79EFBC}") = "GithubClient", "src\GithubClient\GithubClient.csproj", "{9A444A9B-65CE-4EFA-BF52-840F5D5EA46A}"
EndProject
Project("{2150E333-8FDC-42A3-9474-1A3956D46DE8}") = "test", "test", "{69559D84-D99B-46F6-ABCC-388EA0D8FD9D}"
EndProject
Project("{FAE04EC0-301F-11D3-BF4B-00C04F79EFBC}") = "GithubClient.Tests", "test\GithubClient.Tests\GithubClient.Tests.csproj", "{160EED73-1956-41D2-A138-17424AE3AAC3}"
EndProject
Global
	GlobalSection(SolutionConfigurationPlatforms) = preSolution
		Debug|Any CPU = Debug|Any CPU
		Release|Any CPU = Release|Any CPU
	EndGlobalSection
	GlobalSection(SolutionProperties) = preSolution
		HideSolutionNode = FALSE
	EndGlobalSection
	GlobalSection(ProjectConfigurationPlatforms) = postSolution
		{9A444A9B-65CE-4EFA-BF52-840F5D5EA46A}.Debug|Any CPU.ActiveCfg = Debug|Any CPU
		{9A444A9B-65CE-4EFA-BF52-840F5D5EA46A}.Debug|Any CPU.Build.0 = Debug|Any CPU
		{9A444A9B-65CE-4EFA-BF52-840F5D5EA46A}.Release|Any CPU.ActiveCfg = Release|Any CPU
		{9A444A9B-65CE-4EFA-BF52-840F5D5EA46A}.Release|Any CPU.Build.0 = Release|Any CPU
		{160EED73-1956-41D2-A138-17424AE3AAC3}.Debug|Any CPU.ActiveCfg = Debug|Any CPU
		{160EED73-1956-41D2-A138-17424AE3AAC3}.Debug|Any CPU.Build.0 = Debug|Any CPU
		{160EED73-1956-41D2-A138-17424AE3AAC3}.Release|Any CPU.ActiveCfg = Release|Any CPU
		{160EED73-1956-41D2-A138-17424AE3AAC3}.Release|Any CPU.Build.0 = Release|Any CPU
	EndGlobalSection
	GlobalSection(NestedProjects) = preSolution
		{9A444A9B-65CE-4EFA-BF52-840F5D5EA46A} = {27ACEC85-BC9E-4B01-B1D8-DDE748D6F251}
		{160EED73-1956-41D2-A138-17424AE3AAC3} = {69559D84-D99B-46F6-ABCC-388EA0D8FD9D}
	EndGlobalSection
EndGlobal
